
Microsoft Visual Studio Solution File, Format Version 12.00
# Visual Studio Version 16
VisualStudioVersion = 16.0.31129.286
MinimumVisualStudioVersion = 10.0.40219.1
Project("{FAE04EC0-301F-11D3-BF4B-00C04F79EFBC}") = "ChartAutoScroll", "ChartAutoScroll\ChartAutoScroll.csproj", "{F890B70D-02A4-4B98-A49F-B267AC3E3D41}"
EndProject
Project("{FAE04EC0-301F-11D3-BF4B-00C04F79EFBC}") = "LogGraph", "LogGraph\LogGraph.csproj", "{FADB8C08-812C-4F45-8479-DE9CC644B1B2}"
EndProject
Global
	GlobalSection(SolutionConfigurationPlatforms) = preSolution
		Debug|Any CPU = Debug|Any CPU
		Release|Any CPU = Release|Any CPU
	EndGlobalSection
	GlobalSection(ProjectConfigurationPlatforms) = postSolution
		{F890B70D-02A4-4B98-A49F-B267AC3E3D41}.Debug|Any CPU.ActiveCfg = Debug|Any CPU
		{F890B70D-02A4-4B98-A49F-B267AC3E3D41}.Debug|Any CPU.Build.0 = Debug|Any CPU
		{F890B70D-02A4-4B98-A49F-B267AC3E3D41}.Release|Any CPU.ActiveCfg = Release|Any CPU
		{F890B70D-02A4-4B98-A49F-B267AC3E3D41}.Release|Any CPU.Build.0 = Release|Any CPU
		{FADB8C08-812C-4F45-8479-DE9CC644B1B2}.Debug|Any CPU.ActiveCfg = Debug|Any CPU
		{FADB8C08-812C-4F45-8479-DE9CC644B1B2}.Debug|Any CPU.Build.0 = Debug|Any CPU
		{FADB8C08-812C-4F45-8479-DE9CC644B1B2}.Release|Any CPU.ActiveCfg = Release|Any CPU
		{FADB8C08-812C-4F45-8479-DE9CC644B1B2}.Release|Any CPU.Build.0 = Release|Any CPU
	EndGlobalSection
	GlobalSection(SolutionProperties) = preSolution
		HideSolutionNode = FALSE
	EndGlobalSection
	GlobalSection(ExtensibilityGlobals) = postSolution
		SolutionGuid = {4ABE718B-5BC9-444A-8E06-2708161D64EF}
	EndGlobalSection
EndGlobal
